// !$*UTF8*$!
{
	archiveVersion = 1;
	classes = {
	};
	objectVersion = 46;
	objects = {

/* Begin PBXBuildFile section */
		5E41C5381A4315A800B2592B /* AppDelegate.swift in Sources */ = {isa = PBXBuildFile; fileRef = 5E41C5371A4315A800B2592B /* AppDelegate.swift */; };
		5E41C53B1A4315A800B2592B /* BSBSimulationTest.xcdatamodeld in Sources */ = {isa = PBXBuildFile; fileRef = 5E41C5391A4315A800B2592B /* BSBSimulationTest.xcdatamodeld */; };
		5E41C53D1A4315A800B2592B /* ViewController.swift in Sources */ = {isa = PBXBuildFile; fileRef = 5E41C53C1A4315A800B2592B /* ViewController.swift */; };
		5E41C5401A4315A800B2592B /* Main.storyboard in Resources */ = {isa = PBXBuildFile; fileRef = 5E41C53E1A4315A800B2592B /* Main.storyboard */; };
		5E41C5421A4315A800B2592B /* Images.xcassets in Resources */ = {isa = PBXBuildFile; fileRef = 5E41C5411A4315A800B2592B /* Images.xcassets */; };
		5E41C5451A4315A800B2592B /* LaunchScreen.xib in Resources */ = {isa = PBXBuildFile; fileRef = 5E41C5431A4315A800B2592B /* LaunchScreen.xib */; };
		5E41C5511A4315A800B2592B /* BSBSimulationTestTests.swift in Sources */ = {isa = PBXBuildFile; fileRef = 5E41C5501A4315A800B2592B /* BSBSimulationTestTests.swift */; };
/* End PBXBuildFile section */

/* Begin PBXContainerItemProxy section */
		5E41C54B1A4315A800B2592B /* PBXContainerItemProxy */ = {
			isa = PBXContainerItemProxy;
			containerPortal = 5E41C52A1A4315A800B2592B /* Project object */;
			proxyType = 1;
			remoteGlobalIDString = 5E41C5311A4315A800B2592B;
			remoteInfo = BSBSimulationTest;
		};
/* End PBXContainerItemProxy section */

/* Begin PBXFileReference section */
		5E41C5321A4315A800B2592B /* BSBSimulationTest.app */ = {isa = PBXFileReference; explicitFileType = wrapper.application; includeInIndex = 0; path = BSBSimulationTest.app; sourceTree = BUILT_PRODUCTS_DIR; };
		5E41C5361A4315A800B2592B /* Info.plist */ = {isa = PBXFileReference; lastKnownFileType = text.plist.xml; path = Info.plist; sourceTree = "<group>"; };
		5E41C5371A4315A800B2592B /* AppDelegate.swift */ = {isa = PBXFileReference; lastKnownFileType = sourcecode.swift; path = AppDelegate.swift; sourceTree = "<group>"; };
		5E41C53A1A4315A800B2592B /* BSBSimulationTest.xcdatamodel */ = {isa = PBXFileReference; lastKnownFileType = wrapper.xcdatamodel; path = BSBSimulationTest.xcdatamodel; sourceTree = "<group>"; };
		5E41C53C1A4315A800B2592B /* ViewController.swift */ = {isa = PBXFileReference; lastKnownFileType = sourcecode.swift; path = ViewController.swift; sourceTree = "<group>"; };
		5E41C53F1A4315A800B2592B /* Base */ = {isa = PBXFileReference; lastKnownFileType = file.storyboard; name = Base; path = Base.lproj/Main.storyboard; sourceTree = "<group>"; };
		5E41C5411A4315A800B2592B /* Images.xcassets */ = {isa = PBXFileReference; lastKnownFileType = folder.assetcatalog; path = Images.xcassets; sourceTree = "<group>"; };
		5E41C5441A4315A800B2592B /* Base */ = {isa = PBXFileReference; lastKnownFileType = file.xib; name = Base; path = Base.lproj/LaunchScreen.xib; sourceTree = "<group>"; };
		5E41C54A1A4315A800B2592B /* BSBSimulationTestTests.xctest */ = {isa = PBXFileReference; explicitFileType = wrapper.cfbundle; includeInIndex = 0; path = BSBSimulationTestTests.xctest; sourceTree = BUILT_PRODUCTS_DIR; };
		5E41C54F1A4315A800B2592B /* Info.plist */ = {isa = PBXFileReference; lastKnownFileType = text.plist.xml; path = Info.plist; sourceTree = "<group>"; };
		5E41C5501A4315A800B2592B /* BSBSimulationTestTests.swift */ = {isa = PBXFileReference; lastKnownFileType = sourcecode.swift; path = BSBSimulationTestTests.swift; sourceTree = "<group>"; };
/* End PBXFileReference section */

/* Begin PBXFrameworksBuildPhase section */
		5E41C52F1A4315A800B2592B /* Frameworks */ = {
			isa = PBXFrameworksBuildPhase;
			buildActionMask = 2147483647;
			files = (
			);
			runOnlyForDeploymentPostprocessing = 0;
		};
		5E41C5471A4315A800B2592B /* Frameworks */ = {
			isa = PBXFrameworksBuildPhase;
			buildActionMask = 2147483647;
			files = (
			);
			runOnlyForDeploymentPostprocessing = 0;
		};
/* End PBXFrameworksBuildPhase section */

/* Begin PBXGroup section */
		5E41C5291A4315A800B2592B = {
			isa = PBXGroup;
			children = (
				5E41C5341A4315A800B2592B /* BSBSimulationTest */,
				5E41C54D1A4315A800B2592B /* BSBSimulationTestTests */,
				5E41C5331A4315A800B2592B /* Products */,
			);
			sourceTree = "<group>";
		};
		5E41C5331A4315A800B2592B /* Products */ = {
			isa = PBXGroup;
			children = (
				5E41C5321A4315A800B2592B /* BSBSimulationTest.app */,
				5E41C54A1A4315A800B2592B /* BSBSimulationTestTests.xctest */,
			);
			name = Products;
			sourceTree = "<group>";
		};
		5E41C5341A4315A800B2592B /* BSBSimulationTest */ = {
			isa = PBXGroup;
			children = (
				5E41C5371A4315A800B2592B /* AppDelegate.swift */,
				5E41C53C1A4315A800B2592B /* ViewController.swift */,
				5E41C53E1A4315A800B2592B /* Main.storyboard */,
				5E41C5411A4315A800B2592B /* Images.xcassets */,
				5E41C5431A4315A800B2592B /* LaunchScreen.xib */,
				5E41C5391A4315A800B2592B /* BSBSimulationTest.xcdatamodeld */,
				5E41C5351A4315A800B2592B /* Supporting Files */,
			);
			path = BSBSimulationTest;
			sourceTree = "<group>";
		};
		5E41C5351A4315A800B2592B /* Supporting Files */ = {
			isa = PBXGroup;
			children = (
				5E41C5361A4315A800B2592B /* Info.plist */,
			);
			name = "Supporting Files";
			sourceTree = "<group>";
		};
		5E41C54D1A4315A800B2592B /* BSBSimulationTestTests */ = {
			isa = PBXGroup;
			children = (
				5E41C5501A4315A800B2592B /* BSBSimulationTestTests.swift */,
				5E41C54E1A4315A800B2592B /* Supporting Files */,
			);
			path = BSBSimulationTestTests;
			sourceTree = "<group>";
		};
		5E41C54E1A4315A800B2592B /* Supporting Files */ = {
			isa = PBXGroup;
			children = (
				5E41C54F1A4315A800B2592B /* Info.plist */,
			);
			name = "Supporting Files";
			sourceTree = "<group>";
		};
/* End PBXGroup section */

/* Begin PBXNativeTarget section */
		5E41C5311A4315A800B2592B /* BSBSimulationTest */ = {
			isa = PBXNativeTarget;
			buildConfigurationList = 5E41C5541A4315A800B2592B /* Build configuration list for PBXNativeTarget "BSBSimulationTest" */;
			buildPhases = (
				5E41C52E1A4315A800B2592B /* Sources */,
				5E41C52F1A4315A800B2592B /* Frameworks */,
				5E41C5301A4315A800B2592B /* Resources */,
			);
			buildRules = (
			);
			dependencies = (
			);
			name = BSBSimulationTest;
			productName = BSBSimulationTest;
			productReference = 5E41C5321A4315A800B2592B /* BSBSimulationTest.app */;
			productType = "com.apple.product-type.application";
		};
		5E41C5491A4315A800B2592B /* BSBSimulationTestTests */ = {
			isa = PBXNativeTarget;
			buildConfigurationList = 5E41C5571A4315A800B2592B /* Build configuration list for PBXNativeTarget "BSBSimulationTestTests" */;
			buildPhases = (
				5E41C5461A4315A800B2592B /* Sources */,
				5E41C5471A4315A800B2592B /* Frameworks */,
				5E41C5481A4315A800B2592B /* Resources */,
			);
			buildRules = (
			);
			dependencies = (
				5E41C54C1A4315A800B2592B /* PBXTargetDependency */,
			);
			name = BSBSimulationTestTests;
			productName = BSBSimulationTestTests;
			productReference = 5E41C54A1A4315A800B2592B /* BSBSimulationTestTests.xctest */;
			productType = "com.apple.product-type.bundle.unit-test";
		};
/* End PBXNativeTarget section */

/* Begin PBXProject section */
		5E41C52A1A4315A800B2592B /* Project object */ = {
			isa = PBXProject;
			attributes = {
				LastUpgradeCheck = 0610;
				ORGANIZATIONNAME = compname;
				TargetAttributes = {
					5E41C5311A4315A800B2592B = {
						CreatedOnToolsVersion = 6.1;
					};
					5E41C5491A4315A800B2592B = {
						CreatedOnToolsVersion = 6.1;
						TestTargetID = 5E41C5311A4315A800B2592B;
					};
				};
			};
			buildConfigurationList = 5E41C52D1A4315A800B2592B /* Build configuration list for PBXProject "BSBSimulationTest" */;
			compatibilityVersion = "Xcode 3.2";
			developmentRegion = English;
			hasScannedForEncodings = 0;
			knownRegions = (
				en,
				Base,
			);
			mainGroup = 5E41C5291A4315A800B2592B;
			productRefGroup = 5E41C5331A4315A800B2592B /* Products */;
			projectDirPath = "";
			projectRoot = "";
			targets = (
				5E41C5311A4315A800B2592B /* BSBSimulationTest */,
				5E41C5491A4315A800B2592B /* BSBSimulationTestTests */,
			);
		};
/* End PBXProject section */

/* Begin PBXResourcesBuildPhase section */
		5E41C5301A4315A800B2592B /* Resources */ = {
			isa = PBXResourcesBuildPhase;
			buildActionMask = 2147483647;
			files = (
				5E41C5401A4315A800B2592B /* Main.storyboard in Resources */,
				5E41C5451A4315A800B2592B /* LaunchScreen.xib in Resources */,
				5E41C5421A4315A800B2592B /* Images.xcassets in Resources */,
			);
			runOnlyForDeploymentPostprocessing = 0;
		};
		5E41C5481A4315A800B2592B /* Resources */ = {
			isa = PBXResourcesBuildPhase;
			buildActionMask = 2147483647;
			files = (
			);
			runOnlyForDeploymentPostprocessing = 0;
		};
/* End PBXResourcesBuildPhase section */

/* Begin PBXSourcesBuildPhase section */
		5E41C52E1A4315A800B2592B /* Sources */ = {
			isa = PBXSourcesBuildPhase;
			buildActionMask = 2147483647;
			files = (
				5E41C53D1A4315A800B2592B /* ViewController.swift in Sources */,
				5E41C53B1A4315A800B2592B /* BSBSimulationTest.xcdatamodeld in Sources */,
				5E41C5381A4315A800B2592B /* AppDelegate.swift in Sources */,
			);
			runOnlyForDeploymentPostprocessing = 0;
		};
		5E41C5461A4315A800B2592B /* Sources */ = {
			isa = PBXSourcesBuildPhase;
			buildActionMask = 2147483647;
			files = (
				5E41C5511A4315A800B2592B /* BSBSimulationTestTests.swift in Sources */,
			);
			runOnlyForDeploymentPostprocessing = 0;
		};
/* End PBXSourcesBuildPhase section */

/* Begin PBXTargetDependency section */
		5E41C54C1A4315A800B2592B /* PBXTargetDependency */ = {
			isa = PBXTargetDependency;
			target = 5E41C5311A4315A800B2592B /* BSBSimulationTest */;
			targetProxy = 5E41C54B1A4315A800B2592B /* PBXContainerItemProxy */;
		};
/* End PBXTargetDependency section */

/* Begin PBXVariantGroup section */
		5E41C53E1A4315A800B2592B /* Main.storyboard */ = {
			isa = PBXVariantGroup;
			children = (
				5E41C53F1A4315A800B2592B /* Base */,
			);
			name = Main.storyboard;
			sourceTree = "<group>";
		};
		5E41C5431A4315A800B2592B /* LaunchScreen.xib */ = {
			isa = PBXVariantGroup;
			children = (
				5E41C5441A4315A800B2592B /* Base */,
			);
			name = LaunchScreen.xib;
			sourceTree = "<group>";
		};
/* End PBXVariantGroup section */

/* Begin XCBuildConfiguration section */
		5E41C5521A4315A800B2592B /* Debug */ = {
			isa = XCBuildConfiguration;
			buildSettings = {
				ALWAYS_SEARCH_USER_PATHS = NO;
				CLANG_CXX_LANGUAGE_STANDARD = "gnu++0x";
				CLANG_CXX_LIBRARY = "libc++";
				CLANG_ENABLE_MODULES = YES;
				CLANG_ENABLE_OBJC_ARC = YES;
				CLANG_WARN_BOOL_CONVERSION = YES;
				CLANG_WARN_CONSTANT_CONVERSION = YES;
				CLANG_WARN_DIRECT_OBJC_ISA_USAGE = YES_ERROR;
				CLANG_WARN_EMPTY_BODY = YES;
				CLANG_WARN_ENUM_CONVERSION = YES;
				CLANG_WARN_INT_CONVERSION = YES;
				CLANG_WARN_OBJC_ROOT_CLASS = YES_ERROR;
				CLANG_WARN_UNREACHABLE_CODE = YES;
				CLANG_WARN__DUPLICATE_METHOD_MATCH = YES;
				"CODE_SIGN_IDENTITY[sdk=iphoneos*]" = "iPhone Developer";
				COPY_PHASE_STRIP = NO;
				ENABLE_STRICT_OBJC_MSGSEND = YES;
				GCC_C_LANGUAGE_STANDARD = gnu99;
				GCC_DYNAMIC_NO_PIC = NO;
				GCC_OPTIMIZATION_LEVEL = 0;
				GCC_PREPROCESSOR_DEFINITIONS = (
					"DEBUG=1",
					"$(inherited)",
				);
				GCC_SYMBOLS_PRIVATE_EXTERN = NO;
				GCC_WARN_64_TO_32_BIT_CONVERSION = YES;
				GCC_WARN_ABOUT_RETURN_TYPE = YES_ERROR;
				GCC_WARN_UNDECLARED_SELECTOR = YES;
				GCC_WARN_UNINITIALIZED_AUTOS = YES_AGGRESSIVE;
				GCC_WARN_UNUSED_FUNCTION = YES;
				GCC_WARN_UNUSED_VARIABLE = YES;
				IPHONEOS_DEPLOYMENT_TARGET = 8.1;
				MTL_ENABLE_DEBUG_INFO = YES;
				ONLY_ACTIVE_ARCH = YES;
				SDKROOT = iphoneos;
				SWIFT_OPTIMIZATION_LEVEL = "-Onone";
				TARGETED_DEVICE_FAMILY = "1,2";
			};
			name = Debug;
		};
		5E41C5531A4315A800B2592B /* Release */ = {
			isa = XCBuildConfiguration;
			buildSettings = {
				ALWAYS_SEARCH_USER_PATHS = NO;
				CLANG_CXX_LANGUAGE_STANDARD = "gnu++0x";
				CLANG_CXX_LIBRARY = "libc++";
				CLANG_ENABLE_MODULES = YES;
				CLANG_ENABLE_OBJC_ARC = YES;
				CLANG_WARN_BOOL_CONVERSION = YES;
				CLANG_WARN_CONSTANT_CONVERSION = YES;
				CLANG_WARN_DIRECT_OBJC_ISA_USAGE = YES_ERROR;
				CLANG_WARN_EMPTY_BODY = YES;
				CLANG_WARN_ENUM_CONVERSION = YES;
				CLANG_WARN_INT_CONVERSION = YES;
				CLANG_WARN_OBJC_ROOT_CLASS = YES_ERROR;
				CLANG_WARN_UNREACHABLE_CODE = YES;
				CLANG_WARN__DUPLICATE_METHOD_MATCH = YES;
				"CODE_SIGN_IDENTITY[sdk=iphoneos*]" = "iPhone Developer";
				COPY_PHASE_STRIP = YES;
				ENABLE_NS_ASSERTIONS = NO;
				ENABLE_STRICT_OBJC_MSGSEND = YES;
				GCC_C_LANGUAGE_STANDARD = gnu99;
				GCC_WARN_64_TO_32_BIT_CONVERSION = YES;
				GCC_WARN_ABOUT_RETURN_TYPE = YES_ERROR;
				GCC_WARN_UNDECLARED_SELECTOR = YES;
				GCC_WARN_UNINITIALIZED_AUTOS = YES_AGGRESSIVE;
				GCC_WARN_UNUSED_FUNCTION = YES;
				GCC_WARN_UNUSED_VARIABLE = YES;
				IPHONEOS_DEPLOYMENT_TARGET = 8.1;
				MTL_ENABLE_DEBUG_INFO = NO;
				SDKROOT = iphoneos;
				TARGETED_DEVICE_FAMILY = "1,2";
				VALIDATE_PRODUCT = YES;
			};
			name = Release;
		};
		5E41C5551A4315A800B2592B /* Debug */ = {
			isa = XCBuildConfiguration;
			buildSettings = {
				ASSETCATALOG_COMPILER_APPICON_NAME = AppIcon;
				INFOPLIST_FILE = BSBSimulationTest/Info.plist;
				LD_RUNPATH_SEARCH_PATHS = "$(inherited) @executable_path/Frameworks";
				PRODUCT_NAME = "$(TARGET_NAME)";
			};
			name = Debug;
		};
		5E41C5561A4315A800B2592B /* Release */ = {
			isa = XCBuildConfiguration;
			buildSettings = {
				ASSETCATALOG_COMPILER_APPICON_NAME = AppIcon;
				INFOPLIST_FILE = BSBSimulationTest/Info.plist;
				LD_RUNPATH_SEARCH_PATHS = "$(inherited) @executable_path/Frameworks";
				PRODUCT_NAME = "$(TARGET_NAME)";
			};
			name = Release;
		};
		5E41C5581A4315A800B2592B /* Debug */ = {
			isa = XCBuildConfiguration;
			buildSettings = {
				BUNDLE_LOADER = "$(TEST_HOST)";
				FRAMEWORK_SEARCH_PATHS = (
					"$(SDKROOT)/Developer/Library/Frameworks",
					"$(inherited)",
				);
				GCC_PREPROCESSOR_DEFINITIONS = (
					"DEBUG=1",
					"$(inherited)",
				);
				INFOPLIST_FILE = BSBSimulationTestTests/Info.plist;
				LD_RUNPATH_SEARCH_PATHS = "$(inherited) @executable_path/Frameworks @loader_path/Frameworks";
				PRODUCT_NAME = "$(TARGET_NAME)";
				TEST_HOST = "$(BUILT_PRODUCTS_DIR)/BSBSimulationTest.app/BSBSimulationTest";
			};
			name = Debug;
		};
		5E41C5591A4315A800B2592B /* Release */ = {
			isa = XCBuildConfiguration;
			buildSettings = {
				BUNDLE_LOADER = "$(TEST_HOST)";
				FRAMEWORK_SEARCH_PATHS = (
					"$(SDKROOT)/Developer/Library/Frameworks",
					"$(inherited)",
				);
				INFOPLIST_FILE = BSBSimulationTestTests/Info.plist;
				LD_RUNPATH_SEARCH_PATHS = "$(inherited) @executable_path/Frameworks @loader_path/Frameworks";
				PRODUCT_NAME = "$(TARGET_NAME)";
				TEST_HOST = "$(BUILT_PRODUCTS_DIR)/BSBSimulationTest.app/BSBSimulationTest";
			};
			name = Release;
		};
/* End XCBuildConfiguration section */

/* Begin XCConfigurationList section */
		5E41C52D1A4315A800B2592B /* Build configuration list for PBXProject "BSBSimulationTest" */ = {
			isa = XCConfigurationList;
			buildConfigurations = (
				5E41C5521A4315A800B2592B /* Debug */,
				5E41C5531A4315A800B2592B /* Release */,
			);
			defaultConfigurationIsVisible = 0;
			defaultConfigurationName = Release;
		};
		5E41C5541A4315A800B2592B /* Build configuration list for PBXNativeTarget "BSBSimulationTest" */ = {
			isa = XCConfigurationList;
			buildConfigurations = (
				5E41C5551A4315A800B2592B /* Debug */,
				5E41C5561A4315A800B2592B /* Release */,
			);
			defaultConfigurationIsVisible = 0;
		};
		5E41C5571A4315A800B2592B /* Build configuration list for PBXNativeTarget "BSBSimulationTestTests" */ = {
			isa = XCConfigurationList;
			buildConfigurations = (
				5E41C5581A4315A800B2592B /* Debug */,
				5E41C5591A4315A800B2592B /* Release */,
			);
			defaultConfigurationIsVisible = 0;
		};
/* End XCConfigurationList section */

/* Begin XCVersionGroup section */
		5E41C5391A4315A800B2592B /* BSBSimulationTest.xcdatamodeld */ = {
			isa = XCVersionGroup;
			children = (
				5E41C53A1A4315A800B2592B /* BSBSimulationTest.xcdatamodel */,
			);
			currentVersion = 5E41C53A1A4315A800B2592B /* BSBSimulationTest.xcdatamodel */;
			path = BSBSimulationTest.xcdatamodeld;
			sourceTree = "<group>";
			versionGroupType = wrapper.xcdatamodel;
		};
/* End XCVersionGroup section */
	};
	rootObject = 5E41C52A1A4315A800B2592B /* Project object */;
}
